
Microsoft Visual Studio Solution File, Format Version 12.00
# Visual Studio Version 17
VisualStudioVersion = 17.2.32505.173
MinimumVisualStudioVersion = 10.0.40219.1
Project("{9A19103F-16F7-4668-BE54-9A1E7A4F7556}") = "UB.API", "UB.API\UB.API.csproj", "{E6ACA5A7-154E-4B48-A0C1-CDFB6FC4EB68}"
EndProject
Project("{FAE04EC0-301F-11D3-BF4B-00C04F79EFBC}") = "UB.Data", "UB.Data\UB.Data.csproj", "{E2CCDDF3-AE50-4AA5-A4C3-37F89000A17B}"
EndProject
Project("{FAE04EC0-301F-11D3-BF4B-00C04F79EFBC}") = "UB.Services", "UB.Services\UB.Services.csproj", "{7304DC86-6D3C-4DB8-9261-C979211CD3C0}"
EndProject
Global
	GlobalSection(SolutionConfigurationPlatforms) = preSolution
		Debug|Any CPU = Debug|Any CPU
		Release|Any CPU = Release|Any CPU
	EndGlobalSection
	GlobalSection(ProjectConfigurationPlatforms) = postSolution
		{E6ACA5A7-154E-4B48-A0C1-CDFB6FC4EB68}.Debug|Any CPU.ActiveCfg = Debug|Any CPU
		{E6ACA5A7-154E-4B48-A0C1-CDFB6FC4EB68}.Debug|Any CPU.Build.0 = Debug|Any CPU
		{E6ACA5A7-154E-4B48-A0C1-CDFB6FC4EB68}.Release|Any CPU.ActiveCfg = Release|Any CPU
		{E6ACA5A7-154E-4B48-A0C1-CDFB6FC4EB68}.Release|Any CPU.Build.0 = Release|Any CPU
		{E2CCDDF3-AE50-4AA5-A4C3-37F89000A17B}.Debug|Any CPU.ActiveCfg = Debug|Any CPU
		{E2CCDDF3-AE50-4AA5-A4C3-37F89000A17B}.Debug|Any CPU.Build.0 = Debug|Any CPU
		{E2CCDDF3-AE50-4AA5-A4C3-37F89000A17B}.Release|Any CPU.ActiveCfg = Release|Any CPU
		{E2CCDDF3-AE50-4AA5-A4C3-37F89000A17B}.Release|Any CPU.Build.0 = Release|Any CPU
		{7304DC86-6D3C-4DB8-9261-C979211CD3C0}.Debug|Any CPU.ActiveCfg = Debug|Any CPU
		{7304DC86-6D3C-4DB8-9261-C979211CD3C0}.Debug|Any CPU.Build.0 = Debug|Any CPU
		{7304DC86-6D3C-4DB8-9261-C979211CD3C0}.Release|Any CPU.ActiveCfg = Release|Any CPU
		{7304DC86-6D3C-4DB8-9261-C979211CD3C0}.Release|Any CPU.Build.0 = Release|Any CPU
	EndGlobalSection
	GlobalSection(SolutionProperties) = preSolution
		HideSolutionNode = FALSE
	EndGlobalSection
	GlobalSection(ExtensibilityGlobals) = postSolution
		SolutionGuid = {079D70A7-AF9D-4B15-BB54-1EA92CB17510}
	EndGlobalSection
EndGlobal
